
Microsoft Visual Studio Solution File, Format Version 12.00
# Visual Studio Version 16
VisualStudioVersion = 16.0.31624.102
MinimumVisualStudioVersion = 10.0.40219.1
Project("{FAE04EC0-301F-11D3-BF4B-00C04F79EFBC}") = "OrdermanagementWebApp", "OrdermanagementWebApp\OrdermanagementWebApp.csproj", "{84F420DC-2D5E-45B0-92EC-EA229C0697F7}"
EndProject
Global
	GlobalSection(SolutionConfigurationPlatforms) = preSolution
		Debug|Any CPU = Debug|Any CPU
		Release|Any CPU = Release|Any CPU
	EndGlobalSection
	GlobalSection(ProjectConfigurationPlatforms) = postSolution
		{84F420DC-2D5E-45B0-92EC-EA229C0697F7}.Debug|Any CPU.ActiveCfg = Debug|Any CPU
		{84F420DC-2D5E-45B0-92EC-EA229C0697F7}.Debug|Any CPU.Build.0 = Debug|Any CPU
		{84F420DC-2D5E-45B0-92EC-EA229C0697F7}.Release|Any CPU.ActiveCfg = Release|Any CPU
		{84F420DC-2D5E-45B0-92EC-EA229C0697F7}.Release|Any CPU.Build.0 = Release|Any CPU
	EndGlobalSection
	GlobalSection(SolutionProperties) = preSolution
		HideSolutionNode = FALSE
	EndGlobalSection
	GlobalSection(ExtensibilityGlobals) = postSolution
		SolutionGuid = {D11552D5-51B9-4D16-A15F-A5B0C2F90B8D}
	EndGlobalSection
EndGlobal
